# This file is generated by running "yarn install" inside your project.
# Manual changes might be lost - proceed with caution!

__metadata:
  version: 8
  cacheKey: 10c0

"@eslint-community/eslint-utils@npm:^4.4.0":
  version: 4.4.0
  resolution: "@eslint-community/eslint-utils@npm:4.4.0"
  dependencies:
    eslint-visitor-keys: "npm:^3.3.0"
  peerDependencies:
    eslint: ^6.0.0 || ^7.0.0 || >=8.0.0
  checksum: 10c0/7e559c4ce59cd3a06b1b5a517b593912e680a7f981ae7affab0d01d709e99cd5647019be8fafa38c350305bc32f1f7d42c7073edde2ab536c745e365f37b607e
  languageName: node
  linkType: hard

"@eslint-community/regexpp@npm:^4.5.1":
  version: 4.10.0
  resolution: "@eslint-community/regexpp@npm:4.10.0"
  checksum: 10c0/c5f60ef1f1ea7649fa7af0e80a5a79f64b55a8a8fa5086de4727eb4c86c652aedee407a9c143b8995d2c0b2d75c1222bec9ba5d73dbfc1f314550554f0979ef4
  languageName: node
  linkType: hard

"@nodelib/fs.scandir@npm:2.1.5":
  version: 2.1.5
  resolution: "@nodelib/fs.scandir@npm:2.1.5"
  dependencies:
    "@nodelib/fs.stat": "npm:2.0.5"
    run-parallel: "npm:^1.1.9"
  checksum: 10c0/732c3b6d1b1e967440e65f284bd06e5821fedf10a1bea9ed2bb75956ea1f30e08c44d3def9d6a230666574edbaf136f8cfd319c14fd1f87c66e6a44449afb2eb
  languageName: node
  linkType: hard

"@nodelib/fs.stat@npm:2.0.5, @nodelib/fs.stat@npm:^2.0.2":
  version: 2.0.5
  resolution: "@nodelib/fs.stat@npm:2.0.5"
  checksum: 10c0/88dafe5e3e29a388b07264680dc996c17f4bda48d163a9d4f5c1112979f0ce8ec72aa7116122c350b4e7976bc5566dc3ddb579be1ceaacc727872eb4ed93926d
  languageName: node
  linkType: hard

"@nodelib/fs.walk@npm:^1.2.3":
  version: 1.2.8
  resolution: "@nodelib/fs.walk@npm:1.2.8"
  dependencies:
    "@nodelib/fs.scandir": "npm:2.1.5"
    fastq: "npm:^1.6.0"
  checksum: 10c0/db9de047c3bb9b51f9335a7bb46f4fcfb6829fb628318c12115fbaf7d369bfce71c15b103d1fc3b464812d936220ee9bc1c8f762d032c9f6be9acc99249095b1
  languageName: node
  linkType: hard

"@pagopa/eslint-config-node@npm:*, @pagopa/eslint-config-node@workspace:configs/eslint-config-node":
  version: 0.0.0-use.local
  resolution: "@pagopa/eslint-config-node@workspace:configs/eslint-config-node"
  dependencies:
    "@typescript-eslint/eslint-plugin": "npm:^7.1.0"
    "@typescript-eslint/parser": "npm:^7.1.0"
    eslint-config-prettier: "npm:^9.1.0"
    eslint-plugin-only-warn: "npm:^1.1.0"
    typescript: "npm:^5.3.3"
  languageName: unknown
  linkType: soft

"@pagopa/eslint-config-react@workspace:configs/eslint-config-react":
  version: 0.0.0-use.local
  resolution: "@pagopa/eslint-config-react@workspace:configs/eslint-config-react"
  dependencies:
    "@typescript-eslint/eslint-plugin": "npm:^7.1.0"
    "@typescript-eslint/parser": "npm:^7.1.0"
    eslint-config-prettier: "npm:^9.1.0"
    eslint-plugin-only-warn: "npm:^1.1.0"
    typescript: "npm:^5.3.3"
  languageName: unknown
  linkType: soft

"@pagopa/typescript-config-node@npm:*, @pagopa/typescript-config-node@workspace:configs/typescript-config-node":
  version: 0.0.0-use.local
  resolution: "@pagopa/typescript-config-node@workspace:configs/typescript-config-node"
  languageName: unknown
  linkType: soft

"@pagopa/typescript-config-react@workspace:configs/typescript-config-react":
  version: 0.0.0-use.local
  resolution: "@pagopa/typescript-config-react@workspace:configs/typescript-config-react"
  languageName: unknown
  linkType: soft

"@types/json-schema@npm:^7.0.12":
  version: 7.0.15
  resolution: "@types/json-schema@npm:7.0.15"
  checksum: 10c0/a996a745e6c5d60292f36731dd41341339d4eeed8180bb09226e5c8d23759067692b1d88e5d91d72ee83dfc00d3aca8e7bd43ea120516c17922cbcb7c3e252db
  languageName: node
  linkType: hard

"@types/semver@npm:^7.5.0":
  version: 7.5.8
  resolution: "@types/semver@npm:7.5.8"
  checksum: 10c0/8663ff927234d1c5fcc04b33062cb2b9fcfbe0f5f351ed26c4d1e1581657deebd506b41ff7fdf89e787e3d33ce05854bc01686379b89e9c49b564c4cfa988efa
  languageName: node
  linkType: hard

"@typescript-eslint/eslint-plugin@npm:^7.1.0":
  version: 7.1.1
  resolution: "@typescript-eslint/eslint-plugin@npm:7.1.1"
  dependencies:
    "@eslint-community/regexpp": "npm:^4.5.1"
    "@typescript-eslint/scope-manager": "npm:7.1.1"
    "@typescript-eslint/type-utils": "npm:7.1.1"
    "@typescript-eslint/utils": "npm:7.1.1"
    "@typescript-eslint/visitor-keys": "npm:7.1.1"
    debug: "npm:^4.3.4"
    graphemer: "npm:^1.4.0"
    ignore: "npm:^5.2.4"
    natural-compare: "npm:^1.4.0"
    semver: "npm:^7.5.4"
    ts-api-utils: "npm:^1.0.1"
  peerDependencies:
    "@typescript-eslint/parser": ^7.0.0
    eslint: ^8.56.0
  peerDependenciesMeta:
    typescript:
      optional: true
  checksum: 10c0/041799604176bbee01f6ff029c5e2fcf1196db2737ba219a20b095f095dc0064ea425d15dd6dc22eaef294daa838209601ec7bc19317258dfa89a13afb8126ba
  languageName: node
  linkType: hard

"@typescript-eslint/parser@npm:^7.1.0":
  version: 7.1.1
  resolution: "@typescript-eslint/parser@npm:7.1.1"
  dependencies:
    "@typescript-eslint/scope-manager": "npm:7.1.1"
    "@typescript-eslint/types": "npm:7.1.1"
    "@typescript-eslint/typescript-estree": "npm:7.1.1"
    "@typescript-eslint/visitor-keys": "npm:7.1.1"
    debug: "npm:^4.3.4"
  peerDependencies:
    eslint: ^8.56.0
  peerDependenciesMeta:
    typescript:
      optional: true
  checksum: 10c0/84eb44f3767aaa1d7b26176348c89bd6732bc711f7f24186b1354eba95bf9e9c65b5675838772b831391210e525ff1f3bd4b51a3130ec35413aa362920effc57
  languageName: node
  linkType: hard

"@typescript-eslint/scope-manager@npm:7.1.1":
  version: 7.1.1
  resolution: "@typescript-eslint/scope-manager@npm:7.1.1"
  dependencies:
    "@typescript-eslint/types": "npm:7.1.1"
    "@typescript-eslint/visitor-keys": "npm:7.1.1"
  checksum: 10c0/a955c8529f24945d448b95982d06b5f15a74fc5df97307f5821d55e9861d6c26d61cbd118c1ca41634164ed1d4f6c74fcb8388761341c49e6902a6fb72036afc
  languageName: node
  linkType: hard

"@typescript-eslint/type-utils@npm:7.1.1":
  version: 7.1.1
  resolution: "@typescript-eslint/type-utils@npm:7.1.1"
  dependencies:
    "@typescript-eslint/typescript-estree": "npm:7.1.1"
    "@typescript-eslint/utils": "npm:7.1.1"
    debug: "npm:^4.3.4"
    ts-api-utils: "npm:^1.0.1"
  peerDependencies:
    eslint: ^8.56.0
  peerDependenciesMeta:
    typescript:
      optional: true
  checksum: 10c0/6f19dc383718cce42ed7262d134f5f0221bcbf225fea28975cd714c90e57d861608d5187c7ad731f6281813f94b00f22282a99a8a852167366064abc6e256341
  languageName: node
  linkType: hard

"@typescript-eslint/types@npm:7.1.1":
  version: 7.1.1
  resolution: "@typescript-eslint/types@npm:7.1.1"
  checksum: 10c0/2bef95ec0c60e67fada336db3e82fac2be16c21a9e54fc45c7aeda3291abcceefa12aa970025db88bc2b3e113b1e70abd7f89c2a651c16b816dff1a0c46e7907
  languageName: node
  linkType: hard

"@typescript-eslint/typescript-estree@npm:7.1.1":
  version: 7.1.1
  resolution: "@typescript-eslint/typescript-estree@npm:7.1.1"
  dependencies:
    "@typescript-eslint/types": "npm:7.1.1"
    "@typescript-eslint/visitor-keys": "npm:7.1.1"
    debug: "npm:^4.3.4"
    globby: "npm:^11.1.0"
    is-glob: "npm:^4.0.3"
    minimatch: "npm:9.0.3"
    semver: "npm:^7.5.4"
    ts-api-utils: "npm:^1.0.1"
  peerDependenciesMeta:
    typescript:
      optional: true
  checksum: 10c0/2cec9d21cfe46e523a6d29aff554e5450edf1ee30ce9cf644ee8f1f5e1cfd44b94afb3632db97a949c86c4a392ae80f264d56d8747b2b0fdbe5c54139433366a
  languageName: node
  linkType: hard

"@typescript-eslint/utils@npm:7.1.1":
  version: 7.1.1
  resolution: "@typescript-eslint/utils@npm:7.1.1"
  dependencies:
    "@eslint-community/eslint-utils": "npm:^4.4.0"
    "@types/json-schema": "npm:^7.0.12"
    "@types/semver": "npm:^7.5.0"
    "@typescript-eslint/scope-manager": "npm:7.1.1"
    "@typescript-eslint/types": "npm:7.1.1"
    "@typescript-eslint/typescript-estree": "npm:7.1.1"
    semver: "npm:^7.5.4"
  peerDependencies:
    eslint: ^8.56.0
  checksum: 10c0/3e70834c5b49e4643ec8da63fa2acaab54283a566af2cedcd4c2f4210833a59bf71c459dde69e738115633c7de9f1339130552ff246e8e1bb4db26910685408b
  languageName: node
  linkType: hard

"@typescript-eslint/visitor-keys@npm:7.1.1":
  version: 7.1.1
  resolution: "@typescript-eslint/visitor-keys@npm:7.1.1"
  dependencies:
    "@typescript-eslint/types": "npm:7.1.1"
    eslint-visitor-keys: "npm:^3.4.1"
  checksum: 10c0/1ab19ec966ff0b86317eddcbfcda645856ec01c3b76a451298031f35e4da0a363e4888ce5ae9e2526e874799a502c49922d83d57d21cb6fef7f3912f51e4a271
  languageName: node
  linkType: hard

"array-union@npm:^2.1.0":
  version: 2.1.0
  resolution: "array-union@npm:2.1.0"
  checksum: 10c0/429897e68110374f39b771ec47a7161fc6a8fc33e196857c0a396dc75df0b5f65e4d046674db764330b6bb66b39ef48dd7c53b6a2ee75cfb0681e0c1a7033962
  languageName: node
  linkType: hard

"balanced-match@npm:^1.0.0":
  version: 1.0.2
  resolution: "balanced-match@npm:1.0.2"
  checksum: 10c0/9308baf0a7e4838a82bbfd11e01b1cb0f0cf2893bc1676c27c2a8c0e70cbae1c59120c3268517a8ae7fb6376b4639ef81ca22582611dbee4ed28df945134aaee
  languageName: node
  linkType: hard

"brace-expansion@npm:^2.0.1":
  version: 2.0.1
  resolution: "brace-expansion@npm:2.0.1"
  dependencies:
    balanced-match: "npm:^1.0.0"
  checksum: 10c0/b358f2fe060e2d7a87aa015979ecea07f3c37d4018f8d6deb5bd4c229ad3a0384fe6029bb76cd8be63c81e516ee52d1a0673edbe2023d53a5191732ae3c3e49f
  languageName: node
  linkType: hard

"braces@npm:^3.0.2":
  version: 3.0.2
  resolution: "braces@npm:3.0.2"
  dependencies:
    fill-range: "npm:^7.0.1"
  checksum: 10c0/321b4d675791479293264019156ca322163f02dc06e3c4cab33bb15cd43d80b51efef69b0930cfde3acd63d126ebca24cd0544fa6f261e093a0fb41ab9dda381
  languageName: node
  linkType: hard

"debug@npm:^4.3.4":
  version: 4.3.4
  resolution: "debug@npm:4.3.4"
  dependencies:
    ms: "npm:2.1.2"
  peerDependenciesMeta:
    supports-color:
      optional: true
  checksum: 10c0/cedbec45298dd5c501d01b92b119cd3faebe5438c3917ff11ae1bff86a6c722930ac9c8659792824013168ba6db7c4668225d845c633fbdafbbf902a6389f736
  languageName: node
  linkType: hard

"dir-glob@npm:^3.0.1":
  version: 3.0.1
  resolution: "dir-glob@npm:3.0.1"
  dependencies:
    path-type: "npm:^4.0.0"
  checksum: 10c0/dcac00920a4d503e38bb64001acb19df4efc14536ada475725e12f52c16777afdee4db827f55f13a908ee7efc0cb282e2e3dbaeeb98c0993dd93d1802d3bf00c
  languageName: node
  linkType: hard

"eslint-config-prettier@npm:^9.1.0":
  version: 9.1.0
  resolution: "eslint-config-prettier@npm:9.1.0"
  peerDependencies:
    eslint: ">=7.0.0"
  bin:
    eslint-config-prettier: bin/cli.js
  checksum: 10c0/6d332694b36bc9ac6fdb18d3ca2f6ac42afa2ad61f0493e89226950a7091e38981b66bac2b47ba39d15b73fff2cd32c78b850a9cf9eed9ca9a96bfb2f3a2f10d
  languageName: node
  linkType: hard

"eslint-plugin-only-warn@npm:^1.1.0":
  version: 1.1.0
  resolution: "eslint-plugin-only-warn@npm:1.1.0"
  checksum: 10c0/72dfc947aa944321dfa63938f2e8bb91e7fda68f988837a8accf4551534ed04bf71957a46d00a4ddc43de5fe31055da12365b2c53c6ee6508f2ba203cd2cfa27
  languageName: node
  linkType: hard

"eslint-visitor-keys@npm:^3.3.0, eslint-visitor-keys@npm:^3.4.1":
  version: 3.4.3
  resolution: "eslint-visitor-keys@npm:3.4.3"
  checksum: 10c0/92708e882c0a5ffd88c23c0b404ac1628cf20104a108c745f240a13c332a11aac54f49a22d5762efbffc18ecbc9a580d1b7ad034bf5f3cc3307e5cbff2ec9820
  languageName: node
  linkType: hard

"fast-glob@npm:^3.2.9":
  version: 3.3.2
  resolution: "fast-glob@npm:3.3.2"
  dependencies:
    "@nodelib/fs.stat": "npm:^2.0.2"
    "@nodelib/fs.walk": "npm:^1.2.3"
    glob-parent: "npm:^5.1.2"
    merge2: "npm:^1.3.0"
    micromatch: "npm:^4.0.4"
  checksum: 10c0/42baad7b9cd40b63e42039132bde27ca2cb3a4950d0a0f9abe4639ea1aa9d3e3b40f98b1fe31cbc0cc17b664c9ea7447d911a152fa34ec5b72977b125a6fc845
  languageName: node
  linkType: hard

"fastq@npm:^1.6.0":
  version: 1.17.1
  resolution: "fastq@npm:1.17.1"
  dependencies:
    reusify: "npm:^1.0.4"
  checksum: 10c0/1095f16cea45fb3beff558bb3afa74ca7a9250f5a670b65db7ed585f92b4b48381445cd328b3d87323da81e43232b5d5978a8201bde84e0cd514310f1ea6da34
  languageName: node
  linkType: hard

"fill-range@npm:^7.0.1":
  version: 7.0.1
  resolution: "fill-range@npm:7.0.1"
  dependencies:
    to-regex-range: "npm:^5.0.1"
  checksum: 10c0/7cdad7d426ffbaadf45aeb5d15ec675bbd77f7597ad5399e3d2766987ed20bda24d5fac64b3ee79d93276f5865608bb22344a26b9b1ae6c4d00bd94bf611623f
  languageName: node
  linkType: hard

"glob-parent@npm:^5.1.2":
  version: 5.1.2
  resolution: "glob-parent@npm:5.1.2"
  dependencies:
    is-glob: "npm:^4.0.1"
  checksum: 10c0/cab87638e2112bee3f839ef5f6e0765057163d39c66be8ec1602f3823da4692297ad4e972de876ea17c44d652978638d2fd583c6713d0eb6591706825020c9ee
  languageName: node
  linkType: hard

"globby@npm:^11.1.0":
  version: 11.1.0
  resolution: "globby@npm:11.1.0"
  dependencies:
    array-union: "npm:^2.1.0"
    dir-glob: "npm:^3.0.1"
    fast-glob: "npm:^3.2.9"
    ignore: "npm:^5.2.0"
    merge2: "npm:^1.4.1"
    slash: "npm:^3.0.0"
  checksum: 10c0/b39511b4afe4bd8a7aead3a27c4ade2b9968649abab0a6c28b1a90141b96ca68ca5db1302f7c7bd29eab66bf51e13916b8e0a3d0ac08f75e1e84a39b35691189
  languageName: node
  linkType: hard

"graphemer@npm:^1.4.0":
  version: 1.4.0
  resolution: "graphemer@npm:1.4.0"
  checksum: 10c0/e951259d8cd2e0d196c72ec711add7115d42eb9a8146c8eeda5b8d3ac91e5dd816b9cd68920726d9fd4490368e7ed86e9c423f40db87e2d8dfafa00fa17c3a31
  languageName: node
  linkType: hard

"ignore@npm:^5.2.0, ignore@npm:^5.2.4":
  version: 5.3.1
  resolution: "ignore@npm:5.3.1"
  checksum: 10c0/703f7f45ffb2a27fb2c5a8db0c32e7dee66b33a225d28e8db4e1be6474795f606686a6e3bcc50e1aa12f2042db4c9d4a7d60af3250511de74620fbed052ea4cd
  languageName: node
  linkType: hard

"is-extglob@npm:^2.1.1":
  version: 2.1.1
  resolution: "is-extglob@npm:2.1.1"
  checksum: 10c0/5487da35691fbc339700bbb2730430b07777a3c21b9ebaecb3072512dfd7b4ba78ac2381a87e8d78d20ea08affb3f1971b4af629173a6bf435ff8a4c47747912
  languageName: node
  linkType: hard

"is-glob@npm:^4.0.1, is-glob@npm:^4.0.3":
  version: 4.0.3
  resolution: "is-glob@npm:4.0.3"
  dependencies:
    is-extglob: "npm:^2.1.1"
  checksum: 10c0/17fb4014e22be3bbecea9b2e3a76e9e34ff645466be702f1693e8f1ee1adac84710d0be0bd9f967d6354036fd51ab7c2741d954d6e91dae6bb69714de92c197a
  languageName: node
  linkType: hard

"is-number@npm:^7.0.0":
  version: 7.0.0
  resolution: "is-number@npm:7.0.0"
  checksum: 10c0/b4686d0d3053146095ccd45346461bc8e53b80aeb7671cc52a4de02dbbf7dc0d1d2a986e2fe4ae206984b4d34ef37e8b795ebc4f4295c978373e6575e295d811
  languageName: node
  linkType: hard

"lru-cache@npm:^6.0.0":
  version: 6.0.0
  resolution: "lru-cache@npm:6.0.0"
  dependencies:
    yallist: "npm:^4.0.0"
  checksum: 10c0/cb53e582785c48187d7a188d3379c181b5ca2a9c78d2bce3e7dee36f32761d1c42983da3fe12b55cb74e1779fa94cdc2e5367c028a9b35317184ede0c07a30a9
  languageName: node
  linkType: hard

"merge2@npm:^1.3.0, merge2@npm:^1.4.1":
  version: 1.4.1
  resolution: "merge2@npm:1.4.1"
  checksum: 10c0/254a8a4605b58f450308fc474c82ac9a094848081bf4c06778200207820e5193726dc563a0d2c16468810516a5c97d9d3ea0ca6585d23c58ccfff2403e8dbbeb
  languageName: node
  linkType: hard

"micromatch@npm:^4.0.4":
  version: 4.0.5
  resolution: "micromatch@npm:4.0.5"
  dependencies:
    braces: "npm:^3.0.2"
    picomatch: "npm:^2.3.1"
  checksum: 10c0/3d6505b20f9fa804af5d8c596cb1c5e475b9b0cd05f652c5b56141cf941bd72adaeb7a436fda344235cef93a7f29b7472efc779fcdb83b478eab0867b95cdeff
  languageName: node
  linkType: hard

"minimatch@npm:9.0.3":
  version: 9.0.3
  resolution: "minimatch@npm:9.0.3"
  dependencies:
    brace-expansion: "npm:^2.0.1"
  checksum: 10c0/85f407dcd38ac3e180f425e86553911d101455ca3ad5544d6a7cec16286657e4f8a9aa6695803025c55e31e35a91a2252b5dc8e7d527211278b8b65b4dbd5eac
  languageName: node
  linkType: hard

"monorepo@workspace:.":
  version: 0.0.0-use.local
  resolution: "monorepo@workspace:."
  dependencies:
    "@pagopa/eslint-config-node": "npm:*"
    "@pagopa/typescript-config-node": "npm:*"
    prettier: "npm:^3.1.1"
    turbo: "npm:^1.12.5"
    typescript: "npm:^5.4.2"
  languageName: unknown
  linkType: soft

"ms@npm:2.1.2":
  version: 2.1.2
  resolution: "ms@npm:2.1.2"
  checksum: 10c0/a437714e2f90dbf881b5191d35a6db792efbca5badf112f87b9e1c712aace4b4b9b742dd6537f3edf90fd6f684de897cec230abde57e87883766712ddda297cc
  languageName: node
  linkType: hard

"natural-compare@npm:^1.4.0":
  version: 1.4.0
  resolution: "natural-compare@npm:1.4.0"
  checksum: 10c0/f5f9a7974bfb28a91afafa254b197f0f22c684d4a1731763dda960d2c8e375b36c7d690e0d9dc8fba774c537af14a7e979129bca23d88d052fbeb9466955e447
  languageName: node
  linkType: hard

"path-type@npm:^4.0.0":
  version: 4.0.0
  resolution: "path-type@npm:4.0.0"
  checksum: 10c0/666f6973f332f27581371efaf303fd6c272cc43c2057b37aa99e3643158c7e4b2626549555d88626e99ea9e046f82f32e41bbde5f1508547e9a11b149b52387c
  languageName: node
  linkType: hard

"picomatch@npm:^2.3.1":
  version: 2.3.1
  resolution: "picomatch@npm:2.3.1"
  checksum: 10c0/26c02b8d06f03206fc2ab8d16f19960f2ff9e81a658f831ecb656d8f17d9edc799e8364b1f4a7873e89d9702dff96204be0fa26fe4181f6843f040f819dac4be
  languageName: node
  linkType: hard

"prettier@npm:^3.1.1":
  version: 3.2.5
  resolution: "prettier@npm:3.2.5"
  bin:
    prettier: bin/prettier.cjs
  checksum: 10c0/ea327f37a7d46f2324a34ad35292af2ad4c4c3c3355da07313339d7e554320f66f65f91e856add8530157a733c6c4a897dc41b577056be5c24c40f739f5ee8c6
  languageName: node
  linkType: hard

"queue-microtask@npm:^1.2.2":
  version: 1.2.3
  resolution: "queue-microtask@npm:1.2.3"
  checksum: 10c0/900a93d3cdae3acd7d16f642c29a642aea32c2026446151f0778c62ac089d4b8e6c986811076e1ae180a694cedf077d453a11b58ff0a865629a4f82ab558e102
  languageName: node
  linkType: hard

"reusify@npm:^1.0.4":
  version: 1.0.4
  resolution: "reusify@npm:1.0.4"
  checksum: 10c0/c19ef26e4e188f408922c46f7ff480d38e8dfc55d448310dfb518736b23ed2c4f547fb64a6ed5bdba92cd7e7ddc889d36ff78f794816d5e71498d645ef476107
  languageName: node
  linkType: hard

"run-parallel@npm:^1.1.9":
  version: 1.2.0
  resolution: "run-parallel@npm:1.2.0"
  dependencies:
    queue-microtask: "npm:^1.2.2"
  checksum: 10c0/200b5ab25b5b8b7113f9901bfe3afc347e19bb7475b267d55ad0eb86a62a46d77510cb0f232507c9e5d497ebda569a08a9867d0d14f57a82ad5564d991588b39
  languageName: node
  linkType: hard

"semver@npm:^7.5.4":
  version: 7.6.0
  resolution: "semver@npm:7.6.0"
  dependencies:
    lru-cache: "npm:^6.0.0"
  bin:
    semver: bin/semver.js
  checksum: 10c0/fbfe717094ace0aa8d6332d7ef5ce727259815bd8d8815700853f4faf23aacbd7192522f0dc5af6df52ef4fa85a355ebd2f5d39f554bd028200d6cf481ab9b53
  languageName: node
  linkType: hard

"slash@npm:^3.0.0":
  version: 3.0.0
  resolution: "slash@npm:3.0.0"
  checksum: 10c0/e18488c6a42bdfd4ac5be85b2ced3ccd0224773baae6ad42cfbb9ec74fc07f9fa8396bd35ee638084ead7a2a0818eb5e7151111544d4731ce843019dab4be47b
  languageName: node
  linkType: hard

"to-regex-range@npm:^5.0.1":
  version: 5.0.1
  resolution: "to-regex-range@npm:5.0.1"
  dependencies:
    is-number: "npm:^7.0.0"
  checksum: 10c0/487988b0a19c654ff3e1961b87f471702e708fa8a8dd02a298ef16da7206692e8552a0250e8b3e8759270f62e9d8314616f6da274734d3b558b1fc7b7724e892
  languageName: node
  linkType: hard

"ts-api-utils@npm:^1.0.1":
  version: 1.2.1
  resolution: "ts-api-utils@npm:1.2.1"
  peerDependencies:
    typescript: ">=4.2.0"
  checksum: 10c0/8ddb493e7ae581d3f57a2e469142feb60b420d4ad8366ab969fe8e36531f8f301f370676b47e8d97f28b5f5fd10d6f2d55f656943a8546ef95e35ce5cf117754
  languageName: node
  linkType: hard

"turbo-darwin-64@npm:1.12.5":
  version: 1.12.5
  resolution: "turbo-darwin-64@npm:1.12.5"
  conditions: os=darwin & cpu=x64
  languageName: node
  linkType: hard

"turbo-darwin-arm64@npm:1.12.5":
  version: 1.12.5
  resolution: "turbo-darwin-arm64@npm:1.12.5"
  conditions: os=darwin & cpu=arm64
  languageName: node
  linkType: hard

"turbo-linux-64@npm:1.12.5":
  version: 1.12.5
  resolution: "turbo-linux-64@npm:1.12.5"
  conditions: os=linux & cpu=x64
  languageName: node
  linkType: hard

"turbo-linux-arm64@npm:1.12.5":
  version: 1.12.5
  resolution: "turbo-linux-arm64@npm:1.12.5"
  conditions: os=linux & cpu=arm64
  languageName: node
  linkType: hard

"turbo-windows-64@npm:1.12.5":
  version: 1.12.5
  resolution: "turbo-windows-64@npm:1.12.5"
  conditions: os=win32 & cpu=x64
  languageName: node
  linkType: hard

"turbo-windows-arm64@npm:1.12.5":
  version: 1.12.5
  resolution: "turbo-windows-arm64@npm:1.12.5"
  conditions: os=win32 & cpu=arm64
  languageName: node
  linkType: hard

"turbo@npm:^1.12.5":
  version: 1.12.5
  resolution: "turbo@npm:1.12.5"
  dependencies:
    turbo-darwin-64: "npm:1.12.5"
    turbo-darwin-arm64: "npm:1.12.5"
    turbo-linux-64: "npm:1.12.5"
    turbo-linux-arm64: "npm:1.12.5"
    turbo-windows-64: "npm:1.12.5"
    turbo-windows-arm64: "npm:1.12.5"
  dependenciesMeta:
    turbo-darwin-64:
      optional: true
    turbo-darwin-arm64:
      optional: true
    turbo-linux-64:
      optional: true
    turbo-linux-arm64:
      optional: true
    turbo-windows-64:
      optional: true
    turbo-windows-arm64:
      optional: true
  bin:
    turbo: bin/turbo
  checksum: 10c0/87c5891808b6c5f9a1e9e0179c4d2b1560fdd1b15753840464fb35d6b68208747f6deae93703ec9a5b95db65def95eff36d3670432e5613d427be6b896036dcd
  languageName: node
  linkType: hard

"typescript@npm:^5.3.3, typescript@npm:^5.4.2":
  version: 5.4.2
  resolution: "typescript@npm:5.4.2"
  bin:
    tsc: bin/tsc
    tsserver: bin/tsserver
  checksum: 10c0/583ff68cafb0c076695f72d61df6feee71689568179fb0d3a4834dac343df6b6ed7cf7b6f6c801fa52d43cd1d324e2f2d8ae4497b09f9e6cfe3d80a6d6c9ca52
  languageName: node
  linkType: hard

"typescript@patch:typescript@npm%3A^5.3.3#optional!builtin<compat/typescript>, typescript@patch:typescript@npm%3A^5.4.2#optional!builtin<compat/typescript>":
  version: 5.4.2
  resolution: "typescript@patch:typescript@npm%3A5.4.2#optional!builtin<compat/typescript>::version=5.4.2&hash=5adc0c"
  bin:
    tsc: bin/tsc
    tsserver: bin/tsserver
  checksum: 10c0/fcf6658073d07283910d9a0e04b1d5d0ebc822c04dbb7abdd74c3151c7aa92fcddbac7d799404e358197222006ccdc4c0db219d223d2ee4ccd9e2b01333b49be
  languageName: node
  linkType: hard

"yallist@npm:^4.0.0":
  version: 4.0.0
  resolution: "yallist@npm:4.0.0"
  checksum: 10c0/2286b5e8dbfe22204ab66e2ef5cc9bbb1e55dfc873bbe0d568aa943eb255d131890dfd5bf243637273d31119b870f49c18fcde2c6ffbb7a7a092b870dc90625a
  languageName: node
  linkType: hard
